
Microsoft Visual Studio Solution File, Format Version 12.00
# Visual Studio Version 17
VisualStudioVersion = 17.8.34219.65
MinimumVisualStudioVersion = 10.0.40219.1
Project("{FAE04EC0-301F-11D3-BF4B-00C04F79EFBC}") = "Rp931WpfBreakingChangeDemo", "Rp931WpfBreakingChangeDemo\Rp931WpfBreakingChangeDemo.csproj", "{4563842F-979F-4428-9009-B089A3968841}"
EndProject
Global
	GlobalSection(SolutionConfigurationPlatforms) = preSolution
		Debug|Any CPU = Debug|Any CPU
		Release|Any CPU = Release|Any CPU
	EndGlobalSection
	GlobalSection(ProjectConfigurationPlatforms) = postSolution
		{4563842F-979F-4428-9009-B089A3968841}.Debug|Any CPU.ActiveCfg = Debug|Any CPU
		{4563842F-979F-4428-9009-B089A3968841}.Debug|Any CPU.Build.0 = Debug|Any CPU
		{4563842F-979F-4428-9009-B089A3968841}.Release|Any CPU.ActiveCfg = Release|Any CPU
		{4563842F-979F-4428-9009-B089A3968841}.Release|Any CPU.Build.0 = Release|Any CPU
	EndGlobalSection
	GlobalSection(SolutionProperties) = preSolution
		HideSolutionNode = FALSE
	EndGlobalSection
	GlobalSection(ExtensibilityGlobals) = postSolution
		SolutionGuid = {79230667-63A0-4959-9B71-38498BA852DF}
	EndGlobalSection
EndGlobal
